// !$*UTF8*$!
{
	archiveVersion = 1;
	classes = {
	};
	objectVersion = 55;
	objects = {

/* Begin PBXBuildFile section */
		250380CBA65B9BCF26067FC6 /* Pods_Food_Delivery.framework in Frameworks */ = {isa = PBXBuildFile; fileRef = 34415B00C5E4D3C635D5F7C7 /* Pods_Food_Delivery.framework */; };
		8D2E2A8328F826E7009D9DB8 /* AppDelegate.swift in Sources */ = {isa = PBXBuildFile; fileRef = 8D2E2A8228F826E7009D9DB8 /* AppDelegate.swift */; };
		8D2E2A8C28F826E9009D9DB8 /* Assets.xcassets in Resources */ = {isa = PBXBuildFile; fileRef = 8D2E2A8B28F826E9009D9DB8 /* Assets.xcassets */; };
		8D2E2A8F28F826E9009D9DB8 /* LaunchScreen.storyboard in Resources */ = {isa = PBXBuildFile; fileRef = 8D2E2A8D28F826E9009D9DB8 /* LaunchScreen.storyboard */; };
		8D2E2A9A28F827F7009D9DB8 /* MenuViewPresenter.swift in Sources */ = {isa = PBXBuildFile; fileRef = 8D2E2A9628F827F7009D9DB8 /* MenuViewPresenter.swift */; };
		8D2E2A9B28F827F7009D9DB8 /* MenuViewRouter.swift in Sources */ = {isa = PBXBuildFile; fileRef = 8D2E2A9728F827F7009D9DB8 /* MenuViewRouter.swift */; };
		8D2E2A9C28F827F7009D9DB8 /* MenuViewViewController.swift in Sources */ = {isa = PBXBuildFile; fileRef = 8D2E2A9828F827F7009D9DB8 /* MenuViewViewController.swift */; };
		8D2E2A9D28F827F7009D9DB8 /* MenuViewInteractor.swift in Sources */ = {isa = PBXBuildFile; fileRef = 8D2E2A9928F827F7009D9DB8 /* MenuViewInteractor.swift */; };
		8D2E2AA228F828F3009D9DB8 /* BaseRouterProtocol.swift in Sources */ = {isa = PBXBuildFile; fileRef = 8D2E2AA128F828F3009D9DB8 /* BaseRouterProtocol.swift */; };
		8D2E2AA428F82932009D9DB8 /* BaseViewControllerProtocol.swift in Sources */ = {isa = PBXBuildFile; fileRef = 8D2E2AA328F82932009D9DB8 /* BaseViewControllerProtocol.swift */; };
		8D2E2AA628F829E3009D9DB8 /* BaseViewController.swift in Sources */ = {isa = PBXBuildFile; fileRef = 8D2E2AA528F829E3009D9DB8 /* BaseViewController.swift */; };
		8D2E2AAC28F82BA2009D9DB8 /* UIAlert+Extensions.swift in Sources */ = {isa = PBXBuildFile; fileRef = 8D2E2AAB28F82BA2009D9DB8 /* UIAlert+Extensions.swift */; };
		8D2E2AAE28F82CDC009D9DB8 /* UINavigationController+Extensions.swift in Sources */ = {isa = PBXBuildFile; fileRef = 8D2E2AAD28F82CDC009D9DB8 /* UINavigationController+Extensions.swift */; };
		8D704E8629DB360F0078D376 /* NetworkManager.swift in Sources */ = {isa = PBXBuildFile; fileRef = 8D704E8529DB360F0078D376 /* NetworkManager.swift */; };
		8DC9457D28F92A4900AE9EE4 /* TabBar.swift in Sources */ = {isa = PBXBuildFile; fileRef = 8DC9457C28F92A4900AE9EE4 /* TabBar.swift */; };
		8DC9458028F94B5A00AE9EE4 /* ItemsSectionHeader.swift in Sources */ = {isa = PBXBuildFile; fileRef = 8DC9457F28F94B5A00AE9EE4 /* ItemsSectionHeader.swift */; };
		8DC9458228F969AB00AE9EE4 /* ItemCollectionViewCell.swift in Sources */ = {isa = PBXBuildFile; fileRef = 8DC9458128F969AB00AE9EE4 /* ItemCollectionViewCell.swift */; };
		8DC9458428F979F600AE9EE4 /* StockCollectionViewCell.swift in Sources */ = {isa = PBXBuildFile; fileRef = 8DC9458328F979F600AE9EE4 /* StockCollectionViewCell.swift */; };
		8DC9458628F98B8300AE9EE4 /* FoodCollectionViewCell.swift in Sources */ = {isa = PBXBuildFile; fileRef = 8DC9458528F98B8300AE9EE4 /* FoodCollectionViewCell.swift */; };
		8DC9458928F9956800AE9EE4 /* Category.swift in Sources */ = {isa = PBXBuildFile; fileRef = 8DC9458828F9956800AE9EE4 /* Category.swift */; };
		8DC9458B28F995DD00AE9EE4 /* DataResponse.swift in Sources */ = {isa = PBXBuildFile; fileRef = 8DC9458A28F995DD00AE9EE4 /* DataResponse.swift */; };
		8DC9458D28F99A7400AE9EE4 /* Meal.swift in Sources */ = {isa = PBXBuildFile; fileRef = 8DC9458C28F99A7400AE9EE4 /* Meal.swift */; };
/* End PBXBuildFile section */

/* Begin PBXFileReference section */
		1BEC6B688C9A8C7569A156FE /* Pods-Food-Delivery.debug.xcconfig */ = {isa = PBXFileReference; includeInIndex = 1; lastKnownFileType = text.xcconfig; name = "Pods-Food-Delivery.debug.xcconfig"; path = "Target Support Files/Pods-Food-Delivery/Pods-Food-Delivery.debug.xcconfig"; sourceTree = "<group>"; };
		34415B00C5E4D3C635D5F7C7 /* Pods_Food_Delivery.framework */ = {isa = PBXFileReference; explicitFileType = wrapper.framework; includeInIndex = 0; path = Pods_Food_Delivery.framework; sourceTree = BUILT_PRODUCTS_DIR; };
		3DD612DDA5F962DDF20E98BB /* Pods-Food-Delivery.release.xcconfig */ = {isa = PBXFileReference; includeInIndex = 1; lastKnownFileType = text.xcconfig; name = "Pods-Food-Delivery.release.xcconfig"; path = "Target Support Files/Pods-Food-Delivery/Pods-Food-Delivery.release.xcconfig"; sourceTree = "<group>"; };
		8D2E2A7F28F826E7009D9DB8 /* Food-Delivery.app */ = {isa = PBXFileReference; explicitFileType = wrapper.application; includeInIndex = 0; path = "Food-Delivery.app"; sourceTree = BUILT_PRODUCTS_DIR; };
		8D2E2A8228F826E7009D9DB8 /* AppDelegate.swift */ = {isa = PBXFileReference; lastKnownFileType = sourcecode.swift; path = AppDelegate.swift; sourceTree = "<group>"; };
		8D2E2A8B28F826E9009D9DB8 /* Assets.xcassets */ = {isa = PBXFileReference; lastKnownFileType = folder.assetcatalog; path = Assets.xcassets; sourceTree = "<group>"; };
		8D2E2A8E28F826E9009D9DB8 /* Base */ = {isa = PBXFileReference; lastKnownFileType = file.storyboard; name = Base; path = Base.lproj/LaunchScreen.storyboard; sourceTree = "<group>"; };
		8D2E2A9028F826E9009D9DB8 /* Info.plist */ = {isa = PBXFileReference; lastKnownFileType = text.plist.xml; path = Info.plist; sourceTree = "<group>"; };
		8D2E2A9628F827F7009D9DB8 /* MenuViewPresenter.swift */ = {isa = PBXFileReference; lastKnownFileType = sourcecode.swift; path = MenuViewPresenter.swift; sourceTree = "<group>"; };
		8D2E2A9728F827F7009D9DB8 /* MenuViewRouter.swift */ = {isa = PBXFileReference; lastKnownFileType = sourcecode.swift; path = MenuViewRouter.swift; sourceTree = "<group>"; };
		8D2E2A9828F827F7009D9DB8 /* MenuViewViewController.swift */ = {isa = PBXFileReference; lastKnownFileType = sourcecode.swift; path = MenuViewViewController.swift; sourceTree = "<group>"; };
		8D2E2A9928F827F7009D9DB8 /* MenuViewInteractor.swift */ = {isa = PBXFileReference; lastKnownFileType = sourcecode.swift; path = MenuViewInteractor.swift; sourceTree = "<group>"; };
		8D2E2AA128F828F3009D9DB8 /* BaseRouterProtocol.swift */ = {isa = PBXFileReference; lastKnownFileType = sourcecode.swift; path = BaseRouterProtocol.swift; sourceTree = "<group>"; };
		8D2E2AA328F82932009D9DB8 /* BaseViewControllerProtocol.swift */ = {isa = PBXFileReference; lastKnownFileType = sourcecode.swift; path = BaseViewControllerProtocol.swift; sourceTree = "<group>"; };
		8D2E2AA528F829E3009D9DB8 /* BaseViewController.swift */ = {isa = PBXFileReference; lastKnownFileType = sourcecode.swift; path = BaseViewController.swift; sourceTree = "<group>"; };
		8D2E2AAB28F82BA2009D9DB8 /* UIAlert+Extensions.swift */ = {isa = PBXFileReference; fileEncoding = 4; lastKnownFileType = sourcecode.swift; path = "UIAlert+Extensions.swift"; sourceTree = "<group>"; };
		8D2E2AAD28F82CDC009D9DB8 /* UINavigationController+Extensions.swift */ = {isa = PBXFileReference; lastKnownFileType = sourcecode.swift; path = "UINavigationController+Extensions.swift"; sourceTree = "<group>"; };
		8D704E8529DB360F0078D376 /* NetworkManager.swift */ = {isa = PBXFileReference; lastKnownFileType = sourcecode.swift; path = NetworkManager.swift; sourceTree = "<group>"; };
		8DC9457C28F92A4900AE9EE4 /* TabBar.swift */ = {isa = PBXFileReference; lastKnownFileType = sourcecode.swift; path = TabBar.swift; sourceTree = "<group>"; };
		8DC9457F28F94B5A00AE9EE4 /* ItemsSectionHeader.swift */ = {isa = PBXFileReference; lastKnownFileType = sourcecode.swift; path = ItemsSectionHeader.swift; sourceTree = "<group>"; };
		8DC9458128F969AB00AE9EE4 /* ItemCollectionViewCell.swift */ = {isa = PBXFileReference; lastKnownFileType = sourcecode.swift; path = ItemCollectionViewCell.swift; sourceTree = "<group>"; };
		8DC9458328F979F600AE9EE4 /* StockCollectionViewCell.swift */ = {isa = PBXFileReference; lastKnownFileType = sourcecode.swift; path = StockCollectionViewCell.swift; sourceTree = "<group>"; };
		8DC9458528F98B8300AE9EE4 /* FoodCollectionViewCell.swift */ = {isa = PBXFileReference; lastKnownFileType = sourcecode.swift; path = FoodCollectionViewCell.swift; sourceTree = "<group>"; };
		8DC9458828F9956800AE9EE4 /* Category.swift */ = {isa = PBXFileReference; lastKnownFileType = sourcecode.swift; path = Category.swift; sourceTree = "<group>"; };
		8DC9458A28F995DD00AE9EE4 /* DataResponse.swift */ = {isa = PBXFileReference; fileEncoding = 4; lastKnownFileType = sourcecode.swift; path = DataResponse.swift; sourceTree = "<group>"; };
		8DC9458C28F99A7400AE9EE4 /* Meal.swift */ = {isa = PBXFileReference; lastKnownFileType = sourcecode.swift; path = Meal.swift; sourceTree = "<group>"; };
/* End PBXFileReference section */

/* Begin PBXFrameworksBuildPhase section */
		8D2E2A7C28F826E7009D9DB8 /* Frameworks */ = {
			isa = PBXFrameworksBuildPhase;
			buildActionMask = 2147483647;
			files = (
				250380CBA65B9BCF26067FC6 /* Pods_Food_Delivery.framework in Frameworks */,
			);
			runOnlyForDeploymentPostprocessing = 0;
		};
/* End PBXFrameworksBuildPhase section */

/* Begin PBXGroup section */
		514B720B6E6AA102EF0E1FFD /* Frameworks */ = {
			isa = PBXGroup;
			children = (
				34415B00C5E4D3C635D5F7C7 /* Pods_Food_Delivery.framework */,
			);
			name = Frameworks;
			sourceTree = "<group>";
		};
		8D2E2A7628F826E7009D9DB8 = {
			isa = PBXGroup;
			children = (
				8D2E2A8128F826E7009D9DB8 /* Food-Delivery */,
				8D2E2A8028F826E7009D9DB8 /* Products */,
				E200D110D1403A38070ABBDD /* Pods */,
				514B720B6E6AA102EF0E1FFD /* Frameworks */,
			);
			sourceTree = "<group>";
		};
		8D2E2A8028F826E7009D9DB8 /* Products */ = {
			isa = PBXGroup;
			children = (
				8D2E2A7F28F826E7009D9DB8 /* Food-Delivery.app */,
			);
			name = Products;
			sourceTree = "<group>";
		};
		8D2E2A8128F826E7009D9DB8 /* Food-Delivery */ = {
			isa = PBXGroup;
			children = (
				8D2E2AA828F82B26009D9DB8 /* ApplicationLayer */,
				8D2E2AA728F82B09009D9DB8 /* BusinessLayer */,
				8D2E2AA928F82B66009D9DB8 /* SupportingFiles */,
			);
			path = "Food-Delivery";
			sourceTree = "<group>";
		};
		8D2E2A9E28F82857009D9DB8 /* Menu */ = {
			isa = PBXGroup;
			children = (
				8DC9457E28F94B3700AE9EE4 /* Cells */,
				8D2E2A9628F827F7009D9DB8 /* MenuViewPresenter.swift */,
				8D2E2A9728F827F7009D9DB8 /* MenuViewRouter.swift */,
				8D2E2A9828F827F7009D9DB8 /* MenuViewViewController.swift */,
				8D2E2A9928F827F7009D9DB8 /* MenuViewInteractor.swift */,
			);
			path = Menu;
			sourceTree = "<group>";
		};
		8D2E2A9F28F8286F009D9DB8 /* Scenes */ = {
			isa = PBXGroup;
			children = (
				8D2E2A9E28F82857009D9DB8 /* Menu */,
				8DC9457C28F92A4900AE9EE4 /* TabBar.swift */,
			);
			path = Scenes;
			sourceTree = "<group>";
		};
		8D2E2AA028F828D5009D9DB8 /* Base */ = {
			isa = PBXGroup;
			children = (
				8D2E2AA128F828F3009D9DB8 /* BaseRouterProtocol.swift */,
				8D2E2AA328F82932009D9DB8 /* BaseViewControllerProtocol.swift */,
				8D2E2AA528F829E3009D9DB8 /* BaseViewController.swift */,
			);
			path = Base;
			sourceTree = "<group>";
		};
		8D2E2AA728F82B09009D9DB8 /* BusinessLayer */ = {
			isa = PBXGroup;
			children = (
				8D704E8429DB35D10078D376 /* NetworkManager */,
				8DC9458728F9955800AE9EE4 /* Models */,
				8D2E2A9F28F8286F009D9DB8 /* Scenes */,
			);
			path = BusinessLayer;
			sourceTree = "<group>";
		};
		8D2E2AA828F82B26009D9DB8 /* ApplicationLayer */ = {
			isa = PBXGroup;
			children = (
				8D2E2A8228F826E7009D9DB8 /* AppDelegate.swift */,
				8D2E2A8D28F826E9009D9DB8 /* LaunchScreen.storyboard */,
			);
			path = ApplicationLayer;
			sourceTree = "<group>";
		};
		8D2E2AA928F82B66009D9DB8 /* SupportingFiles */ = {
			isa = PBXGroup;
			children = (
				8D2E2AA028F828D5009D9DB8 /* Base */,
				8D2E2AAA28F82B91009D9DB8 /* Extensions */,
				8D2E2A8B28F826E9009D9DB8 /* Assets.xcassets */,
				8D2E2A9028F826E9009D9DB8 /* Info.plist */,
			);
			path = SupportingFiles;
			sourceTree = "<group>";
		};
		8D2E2AAA28F82B91009D9DB8 /* Extensions */ = {
			isa = PBXGroup;
			children = (
				8D2E2AAB28F82BA2009D9DB8 /* UIAlert+Extensions.swift */,
				8D2E2AAD28F82CDC009D9DB8 /* UINavigationController+Extensions.swift */,
			);
			path = Extensions;
			sourceTree = "<group>";
		};
		8D704E8429DB35D10078D376 /* NetworkManager */ = {
			isa = PBXGroup;
			children = (
				8D704E8529DB360F0078D376 /* NetworkManager.swift */,
			);
			path = NetworkManager;
			sourceTree = "<group>";
		};
		8DC9457E28F94B3700AE9EE4 /* Cells */ = {
			isa = PBXGroup;
			children = (
				8DC9457F28F94B5A00AE9EE4 /* ItemsSectionHeader.swift */,
				8DC9458128F969AB00AE9EE4 /* ItemCollectionViewCell.swift */,
				8DC9458328F979F600AE9EE4 /* StockCollectionViewCell.swift */,
				8DC9458528F98B8300AE9EE4 /* FoodCollectionViewCell.swift */,
			);
			path = Cells;
			sourceTree = "<group>";
		};
		8DC9458728F9955800AE9EE4 /* Models */ = {
			isa = PBXGroup;
			children = (
				8DC9458A28F995DD00AE9EE4 /* DataResponse.swift */,
				8DC9458828F9956800AE9EE4 /* Category.swift */,
				8DC9458C28F99A7400AE9EE4 /* Meal.swift */,
			);
			path = Models;
			sourceTree = "<group>";
		};
		E200D110D1403A38070ABBDD /* Pods */ = {
			isa = PBXGroup;
			children = (
				1BEC6B688C9A8C7569A156FE /* Pods-Food-Delivery.debug.xcconfig */,
				3DD612DDA5F962DDF20E98BB /* Pods-Food-Delivery.release.xcconfig */,
			);
			path = Pods;
			sourceTree = "<group>";
		};
/* End PBXGroup section */

/* Begin PBXNativeTarget section */
		8D2E2A7E28F826E7009D9DB8 /* Food-Delivery */ = {
			isa = PBXNativeTarget;
			buildConfigurationList = 8D2E2A9328F826E9009D9DB8 /* Build configuration list for PBXNativeTarget "Food-Delivery" */;
			buildPhases = (
				95DAE3408A16D13384F6260C /* [CP] Check Pods Manifest.lock */,
				8D2E2A7B28F826E7009D9DB8 /* Sources */,
				8D2E2A7C28F826E7009D9DB8 /* Frameworks */,
				8D2E2A7D28F826E7009D9DB8 /* Resources */,
				6B76B89C01C4E2FE172D89A6 /* [CP] Embed Pods Frameworks */,
			);
			buildRules = (
			);
			dependencies = (
			);
			name = "Food-Delivery";
			productName = "Food-Delivery";
			productReference = 8D2E2A7F28F826E7009D9DB8 /* Food-Delivery.app */;
			productType = "com.apple.product-type.application";
		};
/* End PBXNativeTarget section */

/* Begin PBXProject section */
		8D2E2A7728F826E7009D9DB8 /* Project object */ = {
			isa = PBXProject;
			attributes = {
				BuildIndependentTargetsInParallel = 1;
				LastSwiftUpdateCheck = 1330;
				LastUpgradeCheck = 1330;
				TargetAttributes = {
					8D2E2A7E28F826E7009D9DB8 = {
						CreatedOnToolsVersion = 13.3;
					};
				};
			};
			buildConfigurationList = 8D2E2A7A28F826E7009D9DB8 /* Build configuration list for PBXProject "Food-Delivery" */;
			compatibilityVersion = "Xcode 13.0";
			developmentRegion = en;
			hasScannedForEncodings = 0;
			knownRegions = (
				en,
				Base,
			);
			mainGroup = 8D2E2A7628F826E7009D9DB8;
			productRefGroup = 8D2E2A8028F826E7009D9DB8 /* Products */;
			projectDirPath = "";
			projectRoot = "";
			targets = (
				8D2E2A7E28F826E7009D9DB8 /* Food-Delivery */,
			);
		};
/* End PBXProject section */

/* Begin PBXResourcesBuildPhase section */
		8D2E2A7D28F826E7009D9DB8 /* Resources */ = {
			isa = PBXResourcesBuildPhase;
			buildActionMask = 2147483647;
			files = (
				8D2E2A8F28F826E9009D9DB8 /* LaunchScreen.storyboard in Resources */,
				8D2E2A8C28F826E9009D9DB8 /* Assets.xcassets in Resources */,
			);
			runOnlyForDeploymentPostprocessing = 0;
		};
/* End PBXResourcesBuildPhase section */

/* Begin PBXShellScriptBuildPhase section */
		6B76B89C01C4E2FE172D89A6 /* [CP] Embed Pods Frameworks */ = {
			isa = PBXShellScriptBuildPhase;
			buildActionMask = 2147483647;
			files = (
			);
			inputFileListPaths = (
				"${PODS_ROOT}/Target Support Files/Pods-Food-Delivery/Pods-Food-Delivery-frameworks-${CONFIGURATION}-input-files.xcfilelist",
			);
			name = "[CP] Embed Pods Frameworks";
			outputFileListPaths = (
				"${PODS_ROOT}/Target Support Files/Pods-Food-Delivery/Pods-Food-Delivery-frameworks-${CONFIGURATION}-output-files.xcfilelist",
			);
			runOnlyForDeploymentPostprocessing = 0;
			shellPath = /bin/sh;
			shellScript = "\"${PODS_ROOT}/Target Support Files/Pods-Food-Delivery/Pods-Food-Delivery-frameworks.sh\"\n";
			showEnvVarsInLog = 0;
		};
		95DAE3408A16D13384F6260C /* [CP] Check Pods Manifest.lock */ = {
			isa = PBXShellScriptBuildPhase;
			buildActionMask = 2147483647;
			files = (
			);
			inputFileListPaths = (
			);
			inputPaths = (
				"${PODS_PODFILE_DIR_PATH}/Podfile.lock",
				"${PODS_ROOT}/Manifest.lock",
			);
			name = "[CP] Check Pods Manifest.lock";
			outputFileListPaths = (
			);
			outputPaths = (
				"$(DERIVED_FILE_DIR)/Pods-Food-Delivery-checkManifestLockResult.txt",
			);
			runOnlyForDeploymentPostprocessing = 0;
			shellPath = /bin/sh;
			shellScript = "diff \"${PODS_PODFILE_DIR_PATH}/Podfile.lock\" \"${PODS_ROOT}/Manifest.lock\" > /dev/null\nif [ $? != 0 ] ; then\n    # print error to STDERR\n    echo \"error: The sandbox is not in sync with the Podfile.lock. Run 'pod install' or update your CocoaPods installation.\" >&2\n    exit 1\nfi\n# This output is used by Xcode 'outputs' to avoid re-running this script phase.\necho \"SUCCESS\" > \"${SCRIPT_OUTPUT_FILE_0}\"\n";
			showEnvVarsInLog = 0;
		};
/* End PBXShellScriptBuildPhase section */

/* Begin PBXSourcesBuildPhase section */
		8D2E2A7B28F826E7009D9DB8 /* Sources */ = {
			isa = PBXSourcesBuildPhase;
			buildActionMask = 2147483647;
			files = (
				8D704E8629DB360F0078D376 /* NetworkManager.swift in Sources */,
				8D2E2A9B28F827F7009D9DB8 /* MenuViewRouter.swift in Sources */,
				8D2E2AAC28F82BA2009D9DB8 /* UIAlert+Extensions.swift in Sources */,
				8D2E2AAE28F82CDC009D9DB8 /* UINavigationController+Extensions.swift in Sources */,
				8DC9458028F94B5A00AE9EE4 /* ItemsSectionHeader.swift in Sources */,
				8DC9458D28F99A7400AE9EE4 /* Meal.swift in Sources */,
				8D2E2A9A28F827F7009D9DB8 /* MenuViewPresenter.swift in Sources */,
				8D2E2AA228F828F3009D9DB8 /* BaseRouterProtocol.swift in Sources */,
				8D2E2A9D28F827F7009D9DB8 /* MenuViewInteractor.swift in Sources */,
				8DC9458928F9956800AE9EE4 /* Category.swift in Sources */,
				8D2E2A9C28F827F7009D9DB8 /* MenuViewViewController.swift in Sources */,
				8D2E2AA628F829E3009D9DB8 /* BaseViewController.swift in Sources */,
				8DC9457D28F92A4900AE9EE4 /* TabBar.swift in Sources */,
				8DC9458628F98B8300AE9EE4 /* FoodCollectionViewCell.swift in Sources */,
				8D2E2AA428F82932009D9DB8 /* BaseViewControllerProtocol.swift in Sources */,
				8D2E2A8328F826E7009D9DB8 /* AppDelegate.swift in Sources */,
				8DC9458228F969AB00AE9EE4 /* ItemCollectionViewCell.swift in Sources */,
				8DC9458428F979F600AE9EE4 /* StockCollectionViewCell.swift in Sources */,
				8DC9458B28F995DD00AE9EE4 /* DataResponse.swift in Sources */,
			);
			runOnlyForDeploymentPostprocessing = 0;
		};
/* End PBXSourcesBuildPhase section */

/* Begin PBXVariantGroup section */
		8D2E2A8D28F826E9009D9DB8 /* LaunchScreen.storyboard */ = {
			isa = PBXVariantGroup;
			children = (
				8D2E2A8E28F826E9009D9DB8 /* Base */,
			);
			name = LaunchScreen.storyboard;
			sourceTree = "<group>";
		};
/* End PBXVariantGroup section */

/* Begin XCBuildConfiguration section */
		8D2E2A9128F826E9009D9DB8 /* Debug */ = {
			isa = XCBuildConfiguration;
			buildSettings = {
				ALWAYS_SEARCH_USER_PATHS = NO;
				CLANG_ANALYZER_NONNULL = YES;
				CLANG_ANALYZER_NUMBER_OBJECT_CONVERSION = YES_AGGRESSIVE;
				CLANG_CXX_LANGUAGE_STANDARD = "gnu++17";
				CLANG_ENABLE_MODULES = YES;
				CLANG_ENABLE_OBJC_ARC = YES;
				CLANG_ENABLE_OBJC_WEAK = YES;
				CLANG_WARN_BLOCK_CAPTURE_AUTORELEASING = YES;
				CLANG_WARN_BOOL_CONVERSION = YES;
				CLANG_WARN_COMMA = YES;
				CLANG_WARN_CONSTANT_CONVERSION = YES;
				CLANG_WARN_DEPRECATED_OBJC_IMPLEMENTATIONS = YES;
				CLANG_WARN_DIRECT_OBJC_ISA_USAGE = YES_ERROR;
				CLANG_WARN_DOCUMENTATION_COMMENTS = YES;
				CLANG_WARN_EMPTY_BODY = YES;
				CLANG_WARN_ENUM_CONVERSION = YES;
				CLANG_WARN_INFINITE_RECURSION = YES;
				CLANG_WARN_INT_CONVERSION = YES;
				CLANG_WARN_NON_LITERAL_NULL_CONVERSION = YES;
				CLANG_WARN_OBJC_IMPLICIT_RETAIN_SELF = YES;
				CLANG_WARN_OBJC_LITERAL_CONVERSION = YES;
				CLANG_WARN_OBJC_ROOT_CLASS = YES_ERROR;
				CLANG_WARN_QUOTED_INCLUDE_IN_FRAMEWORK_HEADER = YES;
				CLANG_WARN_RANGE_LOOP_ANALYSIS = YES;
				CLANG_WARN_STRICT_PROTOTYPES = YES;
				CLANG_WARN_SUSPICIOUS_MOVE = YES;
				CLANG_WARN_UNGUARDED_AVAILABILITY = YES_AGGRESSIVE;
				CLANG_WARN_UNREACHABLE_CODE = YES;
				CLANG_WARN__DUPLICATE_METHOD_MATCH = YES;
				COPY_PHASE_STRIP = NO;
				DEBUG_INFORMATION_FORMAT = dwarf;
				ENABLE_STRICT_OBJC_MSGSEND = YES;
				ENABLE_TESTABILITY = YES;
				GCC_C_LANGUAGE_STANDARD = gnu11;
				GCC_DYNAMIC_NO_PIC = NO;
				GCC_NO_COMMON_BLOCKS = YES;
				GCC_OPTIMIZATION_LEVEL = 0;
				GCC_PREPROCESSOR_DEFINITIONS = (
					"DEBUG=1",
					"$(inherited)",
				);
				GCC_WARN_64_TO_32_BIT_CONVERSION = YES;
				GCC_WARN_ABOUT_RETURN_TYPE = YES_ERROR;
				GCC_WARN_UNDECLARED_SELECTOR = YES;
				GCC_WARN_UNINITIALIZED_AUTOS = YES_AGGRESSIVE;
				GCC_WARN_UNUSED_FUNCTION = YES;
				GCC_WARN_UNUSED_VARIABLE = YES;
				IPHONEOS_DEPLOYMENT_TARGET = 15.4;
				MTL_ENABLE_DEBUG_INFO = INCLUDE_SOURCE;
				MTL_FAST_MATH = YES;
				ONLY_ACTIVE_ARCH = YES;
				SDKROOT = iphoneos;
				SWIFT_ACTIVE_COMPILATION_CONDITIONS = DEBUG;
				SWIFT_OPTIMIZATION_LEVEL = "-Onone";
			};
			name = Debug;
		};
		8D2E2A9228F826E9009D9DB8 /* Release */ = {
			isa = XCBuildConfiguration;
			buildSettings = {
				ALWAYS_SEARCH_USER_PATHS = NO;
				CLANG_ANALYZER_NONNULL = YES;
				CLANG_ANALYZER_NUMBER_OBJECT_CONVERSION = YES_AGGRESSIVE;
				CLANG_CXX_LANGUAGE_STANDARD = "gnu++17";
				CLANG_ENABLE_MODULES = YES;
				CLANG_ENABLE_OBJC_ARC = YES;
				CLANG_ENABLE_OBJC_WEAK = YES;
				CLANG_WARN_BLOCK_CAPTURE_AUTORELEASING = YES;
				CLANG_WARN_BOOL_CONVERSION = YES;
				CLANG_WARN_COMMA = YES;
				CLANG_WARN_CONSTANT_CONVERSION = YES;
				CLANG_WARN_DEPRECATED_OBJC_IMPLEMENTATIONS = YES;
				CLANG_WARN_DIRECT_OBJC_ISA_USAGE = YES_ERROR;
				CLANG_WARN_DOCUMENTATION_COMMENTS = YES;
				CLANG_WARN_EMPTY_BODY = YES;
				CLANG_WARN_ENUM_CONVERSION = YES;
				CLANG_WARN_INFINITE_RECURSION = YES;
				CLANG_WARN_INT_CONVERSION = YES;
				CLANG_WARN_NON_LITERAL_NULL_CONVERSION = YES;
				CLANG_WARN_OBJC_IMPLICIT_RETAIN_SELF = YES;
				CLANG_WARN_OBJC_LITERAL_CONVERSION = YES;
				CLANG_WARN_OBJC_ROOT_CLASS = YES_ERROR;
				CLANG_WARN_QUOTED_INCLUDE_IN_FRAMEWORK_HEADER = YES;
				CLANG_WARN_RANGE_LOOP_ANALYSIS = YES;
				CLANG_WARN_STRICT_PROTOTYPES = YES;
				CLANG_WARN_SUSPICIOUS_MOVE = YES;
				CLANG_WARN_UNGUARDED_AVAILABILITY = YES_AGGRESSIVE;
				CLANG_WARN_UNREACHABLE_CODE = YES;
				CLANG_WARN__DUPLICATE_METHOD_MATCH = YES;
				COPY_PHASE_STRIP = NO;
				DEBUG_INFORMATION_FORMAT = "dwarf-with-dsym";
				ENABLE_NS_ASSERTIONS = NO;
				ENABLE_STRICT_OBJC_MSGSEND = YES;
				GCC_C_LANGUAGE_STANDARD = gnu11;
				GCC_NO_COMMON_BLOCKS = YES;
				GCC_WARN_64_TO_32_BIT_CONVERSION = YES;
				GCC_WARN_ABOUT_RETURN_TYPE = YES_ERROR;
				GCC_WARN_UNDECLARED_SELECTOR = YES;
				GCC_WARN_UNINITIALIZED_AUTOS = YES_AGGRESSIVE;
				GCC_WARN_UNUSED_FUNCTION = YES;
				GCC_WARN_UNUSED_VARIABLE = YES;
				IPHONEOS_DEPLOYMENT_TARGET = 15.4;
				MTL_ENABLE_DEBUG_INFO = NO;
				MTL_FAST_MATH = YES;
				SDKROOT = iphoneos;
				SWIFT_COMPILATION_MODE = wholemodule;
				SWIFT_OPTIMIZATION_LEVEL = "-O";
				VALIDATE_PRODUCT = YES;
			};
			name = Release;
		};
		8D2E2A9428F826E9009D9DB8 /* Debug */ = {
			isa = XCBuildConfiguration;
			baseConfigurationReference = 1BEC6B688C9A8C7569A156FE /* Pods-Food-Delivery.debug.xcconfig */;
			buildSettings = {
				ASSETCATALOG_COMPILER_APPICON_NAME = AppIcon;
				ASSETCATALOG_COMPILER_GLOBAL_ACCENT_COLOR_NAME = AccentColor;
				CODE_SIGN_STYLE = Automatic;
				CURRENT_PROJECT_VERSION = 1;
				DEVELOPMENT_TEAM = BSQ35BFH5G;
				GENERATE_INFOPLIST_FILE = YES;
				INFOPLIST_FILE = "Food-Delivery/SupportingFiles/Info.plist";
				INFOPLIST_KEY_UIApplicationSupportsIndirectInputEvents = YES;
				INFOPLIST_KEY_UILaunchStoryboardName = LaunchScreen;
				INFOPLIST_KEY_UISupportedInterfaceOrientations = UIInterfaceOrientationPortrait;
				INFOPLIST_KEY_UISupportedInterfaceOrientations_iPad = "UIInterfaceOrientationPortrait UIInterfaceOrientationPortraitUpsideDown UIInterfaceOrientationLandscapeLeft UIInterfaceOrientationLandscapeRight";
				INFOPLIST_KEY_UISupportedInterfaceOrientations_iPhone = "UIInterfaceOrientationPortrait UIInterfaceOrientationLandscapeLeft UIInterfaceOrientationLandscapeRight";
				IPHONEOS_DEPLOYMENT_TARGET = 13.0;
				LD_RUNPATH_SEARCH_PATHS = (
					"$(inherited)",
					"@executable_path/Frameworks",
				);
				MARKETING_VERSION = 1.0;
				PRODUCT_BUNDLE_IDENTIFIER = "Team.Food-Delivery";
				PRODUCT_NAME = "$(TARGET_NAME)";
				SWIFT_EMIT_LOC_STRINGS = YES;
				SWIFT_VERSION = 5.0;
				TARGETED_DEVICE_FAMILY = 1;
			};
			name = Debug;
		};
		8D2E2A9528F826E9009D9DB8 /* Release */ = {
			isa = XCBuildConfiguration;
			baseConfigurationReference = 3DD612DDA5F962DDF20E98BB /* Pods-Food-Delivery.release.xcconfig */;
			buildSettings = {
				ASSETCATALOG_COMPILER_APPICON_NAME = AppIcon;
				ASSETCATALOG_COMPILER_GLOBAL_ACCENT_COLOR_NAME = AccentColor;
				CODE_SIGN_STYLE = Automatic;
				CURRENT_PROJECT_VERSION = 1;
				DEVELOPMENT_TEAM = BSQ35BFH5G;
				GENERATE_INFOPLIST_FILE = YES;
				INFOPLIST_FILE = "Food-Delivery/SupportingFiles/Info.plist";
				INFOPLIST_KEY_UIApplicationSupportsIndirectInputEvents = YES;
				INFOPLIST_KEY_UILaunchStoryboardName = LaunchScreen;
				INFOPLIST_KEY_UISupportedInterfaceOrientations = UIInterfaceOrientationPortrait;
				INFOPLIST_KEY_UISupportedInterfaceOrientations_iPad = "UIInterfaceOrientationPortrait UIInterfaceOrientationPortraitUpsideDown UIInterfaceOrientationLandscapeLeft UIInterfaceOrientationLandscapeRight";
				INFOPLIST_KEY_UISupportedInterfaceOrientations_iPhone = "UIInterfaceOrientationPortrait UIInterfaceOrientationLandscapeLeft UIInterfaceOrientationLandscapeRight";
				IPHONEOS_DEPLOYMENT_TARGET = 13.0;
				LD_RUNPATH_SEARCH_PATHS = (
					"$(inherited)",
					"@executable_path/Frameworks",
				);
				MARKETING_VERSION = 1.0;
				PRODUCT_BUNDLE_IDENTIFIER = "Team.Food-Delivery";
				PRODUCT_NAME = "$(TARGET_NAME)";
				SWIFT_EMIT_LOC_STRINGS = YES;
				SWIFT_VERSION = 5.0;
				TARGETED_DEVICE_FAMILY = 1;
			};
			name = Release;
		};
/* End XCBuildConfiguration section */

/* Begin XCConfigurationList section */
		8D2E2A7A28F826E7009D9DB8 /* Build configuration list for PBXProject "Food-Delivery" */ = {
			isa = XCConfigurationList;
			buildConfigurations = (
				8D2E2A9128F826E9009D9DB8 /* Debug */,
				8D2E2A9228F826E9009D9DB8 /* Release */,
			);
			defaultConfigurationIsVisible = 0;
			defaultConfigurationName = Release;
		};
		8D2E2A9328F826E9009D9DB8 /* Build configuration list for PBXNativeTarget "Food-Delivery" */ = {
			isa = XCConfigurationList;
			buildConfigurations = (
				8D2E2A9428F826E9009D9DB8 /* Debug */,
				8D2E2A9528F826E9009D9DB8 /* Release */,
			);
			defaultConfigurationIsVisible = 0;
			defaultConfigurationName = Release;
		};
/* End XCConfigurationList section */
	};
	rootObject = 8D2E2A7728F826E7009D9DB8 /* Project object */;
}
